
Microsoft Visual Studio Solution File, Format Version 12.00
# Visual Studio Version 17
VisualStudioVersion = 17.9.34728.123
MinimumVisualStudioVersion = 10.0.40219.1
Project("{9A19103F-16F7-4668-BE54-9A1E7A4F7556}") = "PRN222.Milktea.RazorPage", "PRN222.Milktea.RazorPage\PRN222.Milktea.RazorPage.csproj", "{B75EA33B-1089-4473-A1B0-D0B496F553FB}"
EndProject
Project("{9A19103F-16F7-4668-BE54-9A1E7A4F7556}") = "PRN222.Milktea.MVC", "PRN222.Milktea.MVC\PRN222.Milktea.MVC.csproj", "{92EAE599-2EC4-47CC-96BF-16EBA36B48BB}"
EndProject
Project("{9A19103F-16F7-4668-BE54-9A1E7A4F7556}") = "PRN222.Milktea.Repository", "PRN222.Milktea.Repository\PRN222.Milktea.Repository.csproj", "{1E261A76-6A2F-4D33-8494-F1ED65290B28}"
EndProject
Project("{9A19103F-16F7-4668-BE54-9A1E7A4F7556}") = "PRN222.Milktea.Service", "PRN222.Milktea.Service\PRN222.Milktea.Service.csproj", "{789ABA71-FC52-4250-B78D-03FEC8E562C9}"
EndProject
Global
	GlobalSection(SolutionConfigurationPlatforms) = preSolution
		Debug|Any CPU = Debug|Any CPU
		Release|Any CPU = Release|Any CPU
	EndGlobalSection
	GlobalSection(ProjectConfigurationPlatforms) = postSolution
		{B75EA33B-1089-4473-A1B0-D0B496F553FB}.Debug|Any CPU.ActiveCfg = Debug|Any CPU
		{B75EA33B-1089-4473-A1B0-D0B496F553FB}.Debug|Any CPU.Build.0 = Debug|Any CPU
		{B75EA33B-1089-4473-A1B0-D0B496F553FB}.Release|Any CPU.ActiveCfg = Release|Any CPU
		{B75EA33B-1089-4473-A1B0-D0B496F553FB}.Release|Any CPU.Build.0 = Release|Any CPU
		{92EAE599-2EC4-47CC-96BF-16EBA36B48BB}.Debug|Any CPU.ActiveCfg = Debug|Any CPU
		{92EAE599-2EC4-47CC-96BF-16EBA36B48BB}.Debug|Any CPU.Build.0 = Debug|Any CPU
		{92EAE599-2EC4-47CC-96BF-16EBA36B48BB}.Release|Any CPU.ActiveCfg = Release|Any CPU
		{92EAE599-2EC4-47CC-96BF-16EBA36B48BB}.Release|Any CPU.Build.0 = Release|Any CPU
		{1E261A76-6A2F-4D33-8494-F1ED65290B28}.Debug|Any CPU.ActiveCfg = Debug|Any CPU
		{1E261A76-6A2F-4D33-8494-F1ED65290B28}.Debug|Any CPU.Build.0 = Debug|Any CPU
		{1E261A76-6A2F-4D33-8494-F1ED65290B28}.Release|Any CPU.ActiveCfg = Release|Any CPU
		{1E261A76-6A2F-4D33-8494-F1ED65290B28}.Release|Any CPU.Build.0 = Release|Any CPU
		{789ABA71-FC52-4250-B78D-03FEC8E562C9}.Debug|Any CPU.ActiveCfg = Debug|Any CPU
		{789ABA71-FC52-4250-B78D-03FEC8E562C9}.Debug|Any CPU.Build.0 = Debug|Any CPU
		{789ABA71-FC52-4250-B78D-03FEC8E562C9}.Release|Any CPU.ActiveCfg = Release|Any CPU
		{789ABA71-FC52-4250-B78D-03FEC8E562C9}.Release|Any CPU.Build.0 = Release|Any CPU
	EndGlobalSection
	GlobalSection(SolutionProperties) = preSolution
		HideSolutionNode = FALSE
	EndGlobalSection
	GlobalSection(ExtensibilityGlobals) = postSolution
		SolutionGuid = {645FC1ED-EC7E-4934-8F9C-2E568B253324}
	EndGlobalSection
EndGlobal
